
Microsoft Visual Studio Solution File, Format Version 12.00
# Visual Studio Version 17
VisualStudioVersion = 17.4.33205.214
MinimumVisualStudioVersion = 10.0.40219.1
Project("{FAE04EC0-301F-11D3-BF4B-00C04F79EFBC}") = "ChatClient", "ChatApp\ChatClient.csproj", "{7C5FBA5C-D750-4483-8D3F-C3E5255B11C9}"
EndProject
Project("{FAE04EC0-301F-11D3-BF4B-00C04F79EFBC}") = "ChatServer", "ChatServer\ChatServer.csproj", "{6E07D040-636C-4076-A5E8-32EFF16E40CC}"
EndProject
Global
	GlobalSection(SolutionConfigurationPlatforms) = preSolution
		Debug|Any CPU = Debug|Any CPU
		Release|Any CPU = Release|Any CPU
	EndGlobalSection
	GlobalSection(ProjectConfigurationPlatforms) = postSolution
		{7C5FBA5C-D750-4483-8D3F-C3E5255B11C9}.Debug|Any CPU.ActiveCfg = Debug|Any CPU
		{7C5FBA5C-D750-4483-8D3F-C3E5255B11C9}.Debug|Any CPU.Build.0 = Debug|Any CPU
		{7C5FBA5C-D750-4483-8D3F-C3E5255B11C9}.Release|Any CPU.ActiveCfg = Release|Any CPU
		{7C5FBA5C-D750-4483-8D3F-C3E5255B11C9}.Release|Any CPU.Build.0 = Release|Any CPU
		{6E07D040-636C-4076-A5E8-32EFF16E40CC}.Debug|Any CPU.ActiveCfg = Debug|Any CPU
		{6E07D040-636C-4076-A5E8-32EFF16E40CC}.Debug|Any CPU.Build.0 = Debug|Any CPU
		{6E07D040-636C-4076-A5E8-32EFF16E40CC}.Release|Any CPU.ActiveCfg = Release|Any CPU
		{6E07D040-636C-4076-A5E8-32EFF16E40CC}.Release|Any CPU.Build.0 = Release|Any CPU
	EndGlobalSection
	GlobalSection(SolutionProperties) = preSolution
		HideSolutionNode = FALSE
	EndGlobalSection
	GlobalSection(ExtensibilityGlobals) = postSolution
		SolutionGuid = {84F74C56-263D-47D7-80FD-0FD744211A63}
	EndGlobalSection
EndGlobal
